// !$*UTF8*$!
{
	archiveVersion = 1;
	classes = {
	};
	objectVersion = 46;
	objects = {

/* Begin PBXBuildFile section */
		39398D411C932913009E2016 /* Model.xcdatamodeld in Sources */ = {isa = PBXBuildFile; fileRef = 39398D3F1C932913009E2016 /* Model.xcdatamodeld */; };
		39398D441C932A38009E2016 /* Entity+CoreDataProperties.swift in Sources */ = {isa = PBXBuildFile; fileRef = 39398D421C932A38009E2016 /* Entity+CoreDataProperties.swift */; };
		39398D451C932A38009E2016 /* Entity.swift in Sources */ = {isa = PBXBuildFile; fileRef = 39398D431C932A38009E2016 /* Entity.swift */; };
		39398D471C932A7E009E2016 /* Stack.swift in Sources */ = {isa = PBXBuildFile; fileRef = 39398D461C932A7E009E2016 /* Stack.swift */; };
		39398D491C932BBA009E2016 /* EntitiesListTableViewController.swift in Sources */ = {isa = PBXBuildFile; fileRef = 39398D481C932BBA009E2016 /* EntitiesListTableViewController.swift */; };
		39398D4B1C932CA0009E2016 /* EntityController.swift in Sources */ = {isa = PBXBuildFile; fileRef = 39398D4A1C932CA0009E2016 /* EntityController.swift */; };
		399A29BF1C93263B009BF498 /* AppDelegate.swift in Sources */ = {isa = PBXBuildFile; fileRef = 399A29BE1C93263B009BF498 /* AppDelegate.swift */; };
		399A29C41C93263B009BF498 /* Main.storyboard in Resources */ = {isa = PBXBuildFile; fileRef = 399A29C21C93263B009BF498 /* Main.storyboard */; };
		399A29C61C93263B009BF498 /* Assets.xcassets in Resources */ = {isa = PBXBuildFile; fileRef = 399A29C51C93263B009BF498 /* Assets.xcassets */; };
		399A29C91C93263B009BF498 /* LaunchScreen.storyboard in Resources */ = {isa = PBXBuildFile; fileRef = 399A29C71C93263B009BF498 /* LaunchScreen.storyboard */; };
/* End PBXBuildFile section */

/* Begin PBXFileReference section */
		39398D401C932913009E2016 /* Model.xcdatamodel */ = {isa = PBXFileReference; lastKnownFileType = wrapper.xcdatamodel; path = Model.xcdatamodel; sourceTree = "<group>"; };
		39398D421C932A38009E2016 /* Entity+CoreDataProperties.swift */ = {isa = PBXFileReference; fileEncoding = 4; lastKnownFileType = sourcecode.swift; path = "Entity+CoreDataProperties.swift"; sourceTree = "<group>"; };
		39398D431C932A38009E2016 /* Entity.swift */ = {isa = PBXFileReference; fileEncoding = 4; lastKnownFileType = sourcecode.swift; path = Entity.swift; sourceTree = "<group>"; };
		39398D461C932A7E009E2016 /* Stack.swift */ = {isa = PBXFileReference; fileEncoding = 4; lastKnownFileType = sourcecode.swift; path = Stack.swift; sourceTree = "<group>"; };
		39398D481C932BBA009E2016 /* EntitiesListTableViewController.swift */ = {isa = PBXFileReference; fileEncoding = 4; lastKnownFileType = sourcecode.swift; path = EntitiesListTableViewController.swift; sourceTree = "<group>"; };
		39398D4A1C932CA0009E2016 /* EntityController.swift */ = {isa = PBXFileReference; fileEncoding = 4; lastKnownFileType = sourcecode.swift; path = EntityController.swift; sourceTree = "<group>"; };
		399A29BB1C93263B009BF498 /* PairRandomizer.app */ = {isa = PBXFileReference; explicitFileType = wrapper.application; includeInIndex = 0; path = PairRandomizer.app; sourceTree = BUILT_PRODUCTS_DIR; };
		399A29BE1C93263B009BF498 /* AppDelegate.swift */ = {isa = PBXFileReference; lastKnownFileType = sourcecode.swift; path = AppDelegate.swift; sourceTree = "<group>"; };
		399A29C31C93263B009BF498 /* Base */ = {isa = PBXFileReference; lastKnownFileType = file.storyboard; name = Base; path = Base.lproj/Main.storyboard; sourceTree = "<group>"; };
		399A29C51C93263B009BF498 /* Assets.xcassets */ = {isa = PBXFileReference; lastKnownFileType = folder.assetcatalog; path = Assets.xcassets; sourceTree = "<group>"; };
		399A29C81C93263B009BF498 /* Base */ = {isa = PBXFileReference; lastKnownFileType = file.storyboard; name = Base; path = Base.lproj/LaunchScreen.storyboard; sourceTree = "<group>"; };
		399A29CA1C93263B009BF498 /* Info.plist */ = {isa = PBXFileReference; lastKnownFileType = text.plist.xml; path = Info.plist; sourceTree = "<group>"; };
/* End PBXFileReference section */

/* Begin PBXFrameworksBuildPhase section */
		399A29B81C93263B009BF498 /* Frameworks */ = {
			isa = PBXFrameworksBuildPhase;
			buildActionMask = 2147483647;
			files = (
			);
			runOnlyForDeploymentPostprocessing = 0;
		};
/* End PBXFrameworksBuildPhase section */

/* Begin PBXGroup section */
		399A29B21C93263B009BF498 = {
			isa = PBXGroup;
			children = (
				39398D421C932A38009E2016 /* Entity+CoreDataProperties.swift */,
				39398D431C932A38009E2016 /* Entity.swift */,
				39398D461C932A7E009E2016 /* Stack.swift */,
				399A29BD1C93263B009BF498 /* PairRandomizer */,
				399A29BC1C93263B009BF498 /* Products */,
			);
			sourceTree = "<group>";
		};
		399A29BC1C93263B009BF498 /* Products */ = {
			isa = PBXGroup;
			children = (
				399A29BB1C93263B009BF498 /* PairRandomizer.app */,
			);
			name = Products;
			sourceTree = "<group>";
		};
		399A29BD1C93263B009BF498 /* PairRandomizer */ = {
			isa = PBXGroup;
			children = (
				399A29BE1C93263B009BF498 /* AppDelegate.swift */,
				399A29C21C93263B009BF498 /* Main.storyboard */,
				39398D4A1C932CA0009E2016 /* EntityController.swift */,
				39398D481C932BBA009E2016 /* EntitiesListTableViewController.swift */,
				399A29C51C93263B009BF498 /* Assets.xcassets */,
				39398D3F1C932913009E2016 /* Model.xcdatamodeld */,
				399A29C71C93263B009BF498 /* LaunchScreen.storyboard */,
				399A29CA1C93263B009BF498 /* Info.plist */,
			);
			path = PairRandomizer;
			sourceTree = "<group>";
		};
/* End PBXGroup section */

/* Begin PBXNativeTarget section */
		399A29BA1C93263B009BF498 /* PairRandomizer */ = {
			isa = PBXNativeTarget;
			buildConfigurationList = 399A29CD1C93263B009BF498 /* Build configuration list for PBXNativeTarget "PairRandomizer" */;
			buildPhases = (
				399A29B71C93263B009BF498 /* Sources */,
				399A29B81C93263B009BF498 /* Frameworks */,
				399A29B91C93263B009BF498 /* Resources */,
			);
			buildRules = (
			);
			dependencies = (
			);
			name = PairRandomizer;
			productName = PairRandomizer;
			productReference = 399A29BB1C93263B009BF498 /* PairRandomizer.app */;
			productType = "com.apple.product-type.application";
		};
/* End PBXNativeTarget section */

/* Begin PBXProject section */
		399A29B31C93263B009BF498 /* Project object */ = {
			isa = PBXProject;
			attributes = {
				LastSwiftUpdateCheck = 0720;
				LastUpgradeCheck = 0720;
				ORGANIZATIONNAME = "Daniel Dickson";
				TargetAttributes = {
					399A29BA1C93263B009BF498 = {
						CreatedOnToolsVersion = 7.2.1;
					};
				};
			};
			buildConfigurationList = 399A29B61C93263B009BF498 /* Build configuration list for PBXProject "PairRandomizer" */;
			compatibilityVersion = "Xcode 3.2";
			developmentRegion = English;
			hasScannedForEncodings = 0;
			knownRegions = (
				en,
				Base,
			);
			mainGroup = 399A29B21C93263B009BF498;
			productRefGroup = 399A29BC1C93263B009BF498 /* Products */;
			projectDirPath = "";
			projectRoot = "";
			targets = (
				399A29BA1C93263B009BF498 /* PairRandomizer */,
			);
		};
/* End PBXProject section */

/* Begin PBXResourcesBuildPhase section */
		399A29B91C93263B009BF498 /* Resources */ = {
			isa = PBXResourcesBuildPhase;
			buildActionMask = 2147483647;
			files = (
				399A29C91C93263B009BF498 /* LaunchScreen.storyboard in Resources */,
				399A29C61C93263B009BF498 /* Assets.xcassets in Resources */,
				399A29C41C93263B009BF498 /* Main.storyboard in Resources */,
			);
			runOnlyForDeploymentPostprocessing = 0;
		};
/* End PBXResourcesBuildPhase section */

/* Begin PBXSourcesBuildPhase section */
		399A29B71C93263B009BF498 /* Sources */ = {
			isa = PBXSourcesBuildPhase;
			buildActionMask = 2147483647;
			files = (
				39398D491C932BBA009E2016 /* EntitiesListTableViewController.swift in Sources */,
				39398D451C932A38009E2016 /* Entity.swift in Sources */,
				39398D471C932A7E009E2016 /* Stack.swift in Sources */,
				399A29BF1C93263B009BF498 /* AppDelegate.swift in Sources */,
				39398D441C932A38009E2016 /* Entity+CoreDataProperties.swift in Sources */,
				39398D4B1C932CA0009E2016 /* EntityController.swift in Sources */,
				39398D411C932913009E2016 /* Model.xcdatamodeld in Sources */,
			);
			runOnlyForDeploymentPostprocessing = 0;
		};
/* End PBXSourcesBuildPhase section */

/* Begin PBXVariantGroup section */
		399A29C21C93263B009BF498 /* Main.storyboard */ = {
			isa = PBXVariantGroup;
			children = (
				399A29C31C93263B009BF498 /* Base */,
			);
			name = Main.storyboard;
			sourceTree = "<group>";
		};
		399A29C71C93263B009BF498 /* LaunchScreen.storyboard */ = {
			isa = PBXVariantGroup;
			children = (
				399A29C81C93263B009BF498 /* Base */,
			);
			name = LaunchScreen.storyboard;
			sourceTree = "<group>";
		};
/* End PBXVariantGroup section */

/* Begin XCBuildConfiguration section */
		399A29CB1C93263B009BF498 /* Debug */ = {
			isa = XCBuildConfiguration;
			buildSettings = {
				ALWAYS_SEARCH_USER_PATHS = NO;
				CLANG_CXX_LANGUAGE_STANDARD = "gnu++0x";
				CLANG_CXX_LIBRARY = "libc++";
				CLANG_ENABLE_MODULES = YES;
				CLANG_ENABLE_OBJC_ARC = YES;
				CLANG_WARN_BOOL_CONVERSION = YES;
				CLANG_WARN_CONSTANT_CONVERSION = YES;
				CLANG_WARN_DIRECT_OBJC_ISA_USAGE = YES_ERROR;
				CLANG_WARN_EMPTY_BODY = YES;
				CLANG_WARN_ENUM_CONVERSION = YES;
				CLANG_WARN_INT_CONVERSION = YES;
				CLANG_WARN_OBJC_ROOT_CLASS = YES_ERROR;
				CLANG_WARN_UNREACHABLE_CODE = YES;
				CLANG_WARN__DUPLICATE_METHOD_MATCH = YES;
				"CODE_SIGN_IDENTITY[sdk=iphoneos*]" = "iPhone Developer";
				COPY_PHASE_STRIP = NO;
				DEBUG_INFORMATION_FORMAT = dwarf;
				ENABLE_STRICT_OBJC_MSGSEND = YES;
				ENABLE_TESTABILITY = YES;
				GCC_C_LANGUAGE_STANDARD = gnu99;
				GCC_DYNAMIC_NO_PIC = NO;
				GCC_NO_COMMON_BLOCKS = YES;
				GCC_OPTIMIZATION_LEVEL = 0;
				GCC_PREPROCESSOR_DEFINITIONS = (
					"DEBUG=1",
					"$(inherited)",
				);
				GCC_WARN_64_TO_32_BIT_CONVERSION = YES;
				GCC_WARN_ABOUT_RETURN_TYPE = YES_ERROR;
				GCC_WARN_UNDECLARED_SELECTOR = YES;
				GCC_WARN_UNINITIALIZED_AUTOS = YES_AGGRESSIVE;
				GCC_WARN_UNUSED_FUNCTION = YES;
				GCC_WARN_UNUSED_VARIABLE = YES;
				IPHONEOS_DEPLOYMENT_TARGET = 9.2;
				MTL_ENABLE_DEBUG_INFO = YES;
				ONLY_ACTIVE_ARCH = YES;
				SDKROOT = iphoneos;
				SWIFT_OPTIMIZATION_LEVEL = "-Onone";
			};
			name = Debug;
		};
		399A29CC1C93263B009BF498 /* Release */ = {
			isa = XCBuildConfiguration;
			buildSettings = {
				ALWAYS_SEARCH_USER_PATHS = NO;
				CLANG_CXX_LANGUAGE_STANDARD = "gnu++0x";
				CLANG_CXX_LIBRARY = "libc++";
				CLANG_ENABLE_MODULES = YES;
				CLANG_ENABLE_OBJC_ARC = YES;
				CLANG_WARN_BOOL_CONVERSION = YES;
				CLANG_WARN_CONSTANT_CONVERSION = YES;
				CLANG_WARN_DIRECT_OBJC_ISA_USAGE = YES_ERROR;
				CLANG_WARN_EMPTY_BODY = YES;
				CLANG_WARN_ENUM_CONVERSION = YES;
				CLANG_WARN_INT_CONVERSION = YES;
				CLANG_WARN_OBJC_ROOT_CLASS = YES_ERROR;
				CLANG_WARN_UNREACHABLE_CODE = YES;
				CLANG_WARN__DUPLICATE_METHOD_MATCH = YES;
				"CODE_SIGN_IDENTITY[sdk=iphoneos*]" = "iPhone Developer";
				COPY_PHASE_STRIP = NO;
				DEBUG_INFORMATION_FORMAT = "dwarf-with-dsym";
				ENABLE_NS_ASSERTIONS = NO;
				ENABLE_STRICT_OBJC_MSGSEND = YES;
				GCC_C_LANGUAGE_STANDARD = gnu99;
				GCC_NO_COMMON_BLOCKS = YES;
				GCC_WARN_64_TO_32_BIT_CONVERSION = YES;
				GCC_WARN_ABOUT_RETURN_TYPE = YES_ERROR;
				GCC_WARN_UNDECLARED_SELECTOR = YES;
				GCC_WARN_UNINITIALIZED_AUTOS = YES_AGGRESSIVE;
				GCC_WARN_UNUSED_FUNCTION = YES;
				GCC_WARN_UNUSED_VARIABLE = YES;
				IPHONEOS_DEPLOYMENT_TARGET = 9.2;
				MTL_ENABLE_DEBUG_INFO = NO;
				SDKROOT = iphoneos;
				VALIDATE_PRODUCT = YES;
			};
			name = Release;
		};
		399A29CE1C93263B009BF498 /* Debug */ = {
			isa = XCBuildConfiguration;
			buildSettings = {
				ASSETCATALOG_COMPILER_APPICON_NAME = AppIcon;
				INFOPLIST_FILE = PairRandomizer/Info.plist;
				LD_RUNPATH_SEARCH_PATHS = "$(inherited) @executable_path/Frameworks";
				PRODUCT_BUNDLE_IDENTIFIER = com.devMountain.PairRandomizer;
				PRODUCT_NAME = "$(TARGET_NAME)";
			};
			name = Debug;
		};
		399A29CF1C93263B009BF498 /* Release */ = {
			isa = XCBuildConfiguration;
			buildSettings = {
				ASSETCATALOG_COMPILER_APPICON_NAME = AppIcon;
				INFOPLIST_FILE = PairRandomizer/Info.plist;
				LD_RUNPATH_SEARCH_PATHS = "$(inherited) @executable_path/Frameworks";
				PRODUCT_BUNDLE_IDENTIFIER = com.devMountain.PairRandomizer;
				PRODUCT_NAME = "$(TARGET_NAME)";
			};
			name = Release;
		};
/* End XCBuildConfiguration section */

/* Begin XCConfigurationList section */
		399A29B61C93263B009BF498 /* Build configuration list for PBXProject "PairRandomizer" */ = {
			isa = XCConfigurationList;
			buildConfigurations = (
				399A29CB1C93263B009BF498 /* Debug */,
				399A29CC1C93263B009BF498 /* Release */,
			);
			defaultConfigurationIsVisible = 0;
			defaultConfigurationName = Release;
		};
		399A29CD1C93263B009BF498 /* Build configuration list for PBXNativeTarget "PairRandomizer" */ = {
			isa = XCConfigurationList;
			buildConfigurations = (
				399A29CE1C93263B009BF498 /* Debug */,
				399A29CF1C93263B009BF498 /* Release */,
			);
			defaultConfigurationIsVisible = 0;
			defaultConfigurationName = Release;
		};
/* End XCConfigurationList section */

/* Begin XCVersionGroup section */
		39398D3F1C932913009E2016 /* Model.xcdatamodeld */ = {
			isa = XCVersionGroup;
			children = (
				39398D401C932913009E2016 /* Model.xcdatamodel */,
			);
			currentVersion = 39398D401C932913009E2016 /* Model.xcdatamodel */;
			path = Model.xcdatamodeld;
			sourceTree = "<group>";
			versionGroupType = wrapper.xcdatamodel;
		};
/* End XCVersionGroup section */
	};
	rootObject = 399A29B31C93263B009BF498 /* Project object */;
}
